
Microsoft Visual Studio Solution File, Format Version 12.00
# Visual Studio Version 17
VisualStudioVersion = 17.1.32210.238
MinimumVisualStudioVersion = 10.0.40219.1
Project("{9A19103F-16F7-4668-BE54-9A1E7A4F7556}") = "CountdownDemo", "CountdownDemo\CountdownDemo.csproj", "{354FF434-D17D-4F4F-82B1-B0FCAE33D9AC}"
EndProject
Project("{9A19103F-16F7-4668-BE54-9A1E7A4F7556}") = "HttpRequestDemo", "HttpRequestDemo\HttpRequestDemo.csproj", "{45CF4D50-B3FD-4B15-984E-509AB8743844}"
EndProject
Project("{2150E333-8FDC-42A3-9474-1A3956D46DE8}") = "Solution Items", "Solution Items", "{90D2FAA0-4018-40E3-9929-B4347D7D5B47}"
	ProjectSection(SolutionItems) = preProject
		.editorconfig = .editorconfig
	EndProjectSection
EndProject
Project("{9A19103F-16F7-4668-BE54-9A1E7A4F7556}") = "AsyncSearchDemo", "AsyncSearchDemo\AsyncSearchDemo.csproj", "{2C3594CC-8769-4E52-A5AC-65F57E600900}"
EndProject
Project("{9A19103F-16F7-4668-BE54-9A1E7A4F7556}") = "StoreDemo", "StoreDemo\StoreDemo.csproj", "{DFFB317D-76AC-4700-9C2F-E8066B627B24}"
EndProject
Project("{9A19103F-16F7-4668-BE54-9A1E7A4F7556}") = "PaginationDemo", "PaginationDemo\PaginationDemo.csproj", "{75E21DD2-4A19-47D0-B876-B2C2B058E007}"
EndProject
Project("{FAE04EC0-301F-11D3-BF4B-00C04F79EFBC}") = "ParallelDemo", "ParallelDemo\ParallelDemo.csproj", "{AF5A6CCD-D50F-45D4-930B-1D8DD731E1B0}"
EndProject
Global
	GlobalSection(SolutionConfigurationPlatforms) = preSolution
		Debug|Any CPU = Debug|Any CPU
		Release|Any CPU = Release|Any CPU
	EndGlobalSection
	GlobalSection(ProjectConfigurationPlatforms) = postSolution
		{354FF434-D17D-4F4F-82B1-B0FCAE33D9AC}.Debug|Any CPU.ActiveCfg = Debug|Any CPU
		{354FF434-D17D-4F4F-82B1-B0FCAE33D9AC}.Debug|Any CPU.Build.0 = Debug|Any CPU
		{354FF434-D17D-4F4F-82B1-B0FCAE33D9AC}.Release|Any CPU.ActiveCfg = Release|Any CPU
		{354FF434-D17D-4F4F-82B1-B0FCAE33D9AC}.Release|Any CPU.Build.0 = Release|Any CPU
		{45CF4D50-B3FD-4B15-984E-509AB8743844}.Debug|Any CPU.ActiveCfg = Debug|Any CPU
		{45CF4D50-B3FD-4B15-984E-509AB8743844}.Debug|Any CPU.Build.0 = Debug|Any CPU
		{45CF4D50-B3FD-4B15-984E-509AB8743844}.Release|Any CPU.ActiveCfg = Release|Any CPU
		{45CF4D50-B3FD-4B15-984E-509AB8743844}.Release|Any CPU.Build.0 = Release|Any CPU
		{2C3594CC-8769-4E52-A5AC-65F57E600900}.Debug|Any CPU.ActiveCfg = Debug|Any CPU
		{2C3594CC-8769-4E52-A5AC-65F57E600900}.Debug|Any CPU.Build.0 = Debug|Any CPU
		{2C3594CC-8769-4E52-A5AC-65F57E600900}.Release|Any CPU.ActiveCfg = Release|Any CPU
		{2C3594CC-8769-4E52-A5AC-65F57E600900}.Release|Any CPU.Build.0 = Release|Any CPU
		{DFFB317D-76AC-4700-9C2F-E8066B627B24}.Debug|Any CPU.ActiveCfg = Debug|Any CPU
		{DFFB317D-76AC-4700-9C2F-E8066B627B24}.Debug|Any CPU.Build.0 = Debug|Any CPU
		{DFFB317D-76AC-4700-9C2F-E8066B627B24}.Release|Any CPU.ActiveCfg = Release|Any CPU
		{DFFB317D-76AC-4700-9C2F-E8066B627B24}.Release|Any CPU.Build.0 = Release|Any CPU
		{75E21DD2-4A19-47D0-B876-B2C2B058E007}.Debug|Any CPU.ActiveCfg = Debug|Any CPU
		{75E21DD2-4A19-47D0-B876-B2C2B058E007}.Debug|Any CPU.Build.0 = Debug|Any CPU
		{75E21DD2-4A19-47D0-B876-B2C2B058E007}.Debug|Any CPU.Deploy.0 = Debug|Any CPU
		{75E21DD2-4A19-47D0-B876-B2C2B058E007}.Release|Any CPU.ActiveCfg = Release|Any CPU
		{75E21DD2-4A19-47D0-B876-B2C2B058E007}.Release|Any CPU.Build.0 = Release|Any CPU
		{75E21DD2-4A19-47D0-B876-B2C2B058E007}.Release|Any CPU.Deploy.0 = Release|Any CPU
		{AF5A6CCD-D50F-45D4-930B-1D8DD731E1B0}.Debug|Any CPU.ActiveCfg = Debug|Any CPU
		{AF5A6CCD-D50F-45D4-930B-1D8DD731E1B0}.Debug|Any CPU.Build.0 = Debug|Any CPU
		{AF5A6CCD-D50F-45D4-930B-1D8DD731E1B0}.Debug|Any CPU.Deploy.0 = Debug|Any CPU
		{AF5A6CCD-D50F-45D4-930B-1D8DD731E1B0}.Release|Any CPU.ActiveCfg = Release|Any CPU
		{AF5A6CCD-D50F-45D4-930B-1D8DD731E1B0}.Release|Any CPU.Build.0 = Release|Any CPU
		{AF5A6CCD-D50F-45D4-930B-1D8DD731E1B0}.Release|Any CPU.Deploy.0 = Release|Any CPU
	EndGlobalSection
	GlobalSection(SolutionProperties) = preSolution
		HideSolutionNode = FALSE
	EndGlobalSection
	GlobalSection(ExtensibilityGlobals) = postSolution
		SolutionGuid = {88F5A80E-F8FE-4804-B0B1-3EEA77D609F5}
	EndGlobalSection
EndGlobal
